
Microsoft Visual Studio Solution File, Format Version 12.00
# Visual Studio Version 16
VisualStudioVersion = 16.0.31005.135
MinimumVisualStudioVersion = 10.0.40219.1
Project("{8BC9CEB8-8B4A-11D0-8D11-00A0C91BC942}") = "FreeRTOS_Project", "FreeRTOS_Project.vcxproj", "{BA98F4F9-0C34-4B15-99BB-FA4C5DDC637A}"
EndProject
Global
	GlobalSection(SolutionConfigurationPlatforms) = preSolution
		Debug|x64 = Debug|x64
		Debug|x86 = Debug|x86
		Release|x64 = Release|x64
		Release|x86 = Release|x86
	EndGlobalSection
	GlobalSection(ProjectConfigurationPlatforms) = postSolution
		{BA98F4F9-0C34-4B15-99BB-FA4C5DDC637A}.Debug|x64.ActiveCfg = Debug|x64
		{BA98F4F9-0C34-4B15-99BB-FA4C5DDC637A}.Debug|x64.Build.0 = Debug|x64
		{BA98F4F9-0C34-4B15-99BB-FA4C5DDC637A}.Debug|x86.ActiveCfg = Debug|Win32
		{BA98F4F9-0C34-4B15-99BB-FA4C5DDC637A}.Debug|x86.Build.0 = Debug|Win32
		{BA98F4F9-0C34-4B15-99BB-FA4C5DDC637A}.Release|x64.ActiveCfg = Release|x64
		{BA98F4F9-0C34-4B15-99BB-FA4C5DDC637A}.Release|x64.Build.0 = Release|x64
		{BA98F4F9-0C34-4B15-99BB-FA4C5DDC637A}.Release|x86.ActiveCfg = Release|Win32
		{BA98F4F9-0C34-4B15-99BB-FA4C5DDC637A}.Release|x86.Build.0 = Release|Win32
	EndGlobalSection
	GlobalSection(SolutionProperties) = preSolution
		HideSolutionNode = FALSE
	EndGlobalSection
	GlobalSection(ExtensibilityGlobals) = postSolution
		SolutionGuid = {3A3E8151-E1E8-4E33-83BB-46019823F7F8}
	EndGlobalSection
EndGlobal
