<?xml version="1.0" encoding="utf-8"?>
<Project ToolsVersion="4.0" xmlns="http://schemas.microsoft.com/developer/msbuild/2003">
  <ItemGroup>
    <Filter Include="Source Files">
      <UniqueIdentifier>{4FC737F1-C7A5-4376-A066-2A32D752A2FF}</UniqueIdentifier>
      <Extensions>cpp;c;cc;cxx;c++;cppm;ixx;def;odl;idl;hpj;bat;asm;asmx</Extensions>
    </Filter>
    <Filter Include="Header Files">
      <UniqueIdentifier>{93995380-89BD-4b04-88EB-625FBE52EBFB}</UniqueIdentifier>
      <Extensions>h;hh;hpp;hxx;h++;hm;inl;inc;ipp;xsd</Extensions>
    </Filter>
    <Filter Include="Resource Files">
      <UniqueIdentifier>{67DA6AB6-F800-4c08-8B7A-83BB121AAD01}</UniqueIdentifier>
      <Extensions>rc;ico;cur;bmp;dlg;rc2;rct;bin;rgs;gif;jpg;jpeg;jpe;resx;tiff;tif;png;wav;mfcribbon-ms</Extensions>
    </Filter>
  </ItemGroup>
  <ItemGroup>
    <ClInclude Include="croutine.h">
      <Filter>Header Files</Filter>
    </ClInclude>
    <ClInclude Include="deprecated_definitions.h">
      <Filter>Header Files</Filter>
    </ClInclude>
    <ClInclude Include="event_groups.h">
      <Filter>Header Files</Filter>
    </ClInclude>
    <ClInclude Include="FreeRTOS.h">
      <Filter>Header Files</Filter>
    </ClInclude>
    <ClInclude Include="FreeRTOSConfig.h">
      <Filter>Header Files</Filter>
    </ClInclude>
    <ClInclude Include="list.h">
      <Filter>Header Files</Filter>
    </ClInclude>
    <ClInclude Include="mpu_wrappers.h">
      <Filter>Header Files</Filter>
    </ClInclude>
    <ClInclude Include="portable.h">
      <Filter>Header Files</Filter>
    </ClInclude>
    <ClInclude Include="portmacro.h">
      <Filter>Header Files</Filter>
    </ClInclude>
    <ClInclude Include="projdefs.h">
      <Filter>Header Files</Filter>
    </ClInclude>
    <ClInclude Include="queue.h">
      <Filter>Header Files</Filter>
    </ClInclude>
    <ClInclude Include="semphr.h">
      <Filter>Header Files</Filter>
    </ClInclude>
    <ClInclude Include="StackMacros.h">
      <Filter>Header Files</Filter>
    </ClInclude>
    <ClInclude Include="task.h">
      <Filter>Header Files</Filter>
    </ClInclude>
    <ClInclude Include="timers.h">
      <Filter>Header Files</Filter>
    </ClInclude>
    <ClInclude Include="WM392.h">
      <Filter>Header Files</Filter>
    </ClInclude>
    <ClInclude Include="LED_Digits.h">
      <Filter>Header Files</Filter>
    </ClInclude>
  </ItemGroup>
  <ItemGroup>
    <ClCompile Include="event_groups.c">
      <Filter>Source Files</Filter>
    </ClCompile>
    <ClCompile Include="heap_4.c">
      <Filter>Source Files</Filter>
    </ClCompile>
    <ClCompile Include="list.c">
      <Filter>Source Files</Filter>
    </ClCompile>
    <ClCompile Include="port.c">
      <Filter>Source Files</Filter>
    </ClCompile>
    <ClCompile Include="queue.c">
      <Filter>Source Files</Filter>
    </ClCompile>
    <ClCompile Include="supporting_functions.c">
      <Filter>Source Files</Filter>
    </ClCompile>
    <ClCompile Include="tasks.c">
      <Filter>Source Files</Filter>
    </ClCompile>
    <ClCompile Include="timers.c">
      <Filter>Source Files</Filter>
    </ClCompile>
    <ClCompile Include="Part_2.c">
      <Filter>Source Files</Filter>
    </ClCompile>
  </ItemGroup>
</Project>